
Microsoft Visual Studio Solution File, Format Version 12.00
# Visual Studio Version 17
VisualStudioVersion = 17.3.32901.215
MinimumVisualStudioVersion = 10.0.40219.1
Project("{FAE04EC0-301F-11D3-BF4B-00C04F79EFBC}") = "Gia", "Gia\Gia.csproj", "{B93CC959-3D8A-4518-95B0-573F996D9BC1}"
EndProject
Global
	GlobalSection(SolutionConfigurationPlatforms) = preSolution
		Debug|Any CPU = Debug|Any CPU
		Release|Any CPU = Release|Any CPU
	EndGlobalSection
	GlobalSection(ProjectConfigurationPlatforms) = postSolution
		{B93CC959-3D8A-4518-95B0-573F996D9BC1}.Debug|Any CPU.ActiveCfg = Debug|Any CPU
		{B93CC959-3D8A-4518-95B0-573F996D9BC1}.Debug|Any CPU.Build.0 = Debug|Any CPU
		{B93CC959-3D8A-4518-95B0-573F996D9BC1}.Release|Any CPU.ActiveCfg = Release|Any CPU
		{B93CC959-3D8A-4518-95B0-573F996D9BC1}.Release|Any CPU.Build.0 = Release|Any CPU
	EndGlobalSection
	GlobalSection(SolutionProperties) = preSolution
		HideSolutionNode = FALSE
	EndGlobalSection
	GlobalSection(ExtensibilityGlobals) = postSolution
		SolutionGuid = {2784FF90-92A0-4F9D-A460-2376DD1F6A06}
	EndGlobalSection
EndGlobal
